{
  "name": "mythos-sentinel",
  "version": "0.1.0",
  "lockfileVersion": 3,
  "requires": true,
  "packages": {
    "": {
      "name": "mythos-sentinel",
      "version": "0.10.0",
      "license": "MIT",
      "bin": {
        "mythos-sentinel": "./bin/mythos-sentinel.js",
        "mythos-sentinel-mcp": "./bin/mythos-sentinel-mcp.js",
        "mythos": "./bin/mythos-sentinel.js"
      },
      "engines": {
        "node": ">=20.0.0"
      }
    }
  }
}
